
Microsoft Visual Studio Solution File, Format Version 12.00
# Visual Studio 15
VisualStudioVersion = 15.0.27428.2037
MinimumVisualStudioVersion = 10.0.40219.1
Project("{8BC9CEB8-8B4A-11D0-8D11-00A0C91BC942}") = "SimpleObjViewer", "SimpleObjViewer\SimpleObjViewer.vcxproj", "{368C3DA4-FAE7-4FA6-BCB7-841292C4B496}"
EndProject
Global
	GlobalSection(SolutionConfigurationPlatforms) = preSolution
		Debug|x64 = Debug|x64
		Debug|x86 = Debug|x86
		Release|x64 = Release|x64
		Release|x86 = Release|x86
	EndGlobalSection
	GlobalSection(ProjectConfigurationPlatforms) = postSolution
		{368C3DA4-FAE7-4FA6-BCB7-841292C4B496}.Debug|x64.ActiveCfg = Debug|x64
		{368C3DA4-FAE7-4FA6-BCB7-841292C4B496}.Debug|x64.Build.0 = Debug|x64
		{368C3DA4-FAE7-4FA6-BCB7-841292C4B496}.Debug|x86.ActiveCfg = Debug|Win32
		{368C3DA4-FAE7-4FA6-BCB7-841292C4B496}.Debug|x86.Build.0 = Debug|Win32
		{368C3DA4-FAE7-4FA6-BCB7-841292C4B496}.Release|x64.ActiveCfg = Release|x64
		{368C3DA4-FAE7-4FA6-BCB7-841292C4B496}.Release|x64.Build.0 = Release|x64
		{368C3DA4-FAE7-4FA6-BCB7-841292C4B496}.Release|x86.ActiveCfg = Release|Win32
		{368C3DA4-FAE7-4FA6-BCB7-841292C4B496}.Release|x86.Build.0 = Release|Win32
	EndGlobalSection
	GlobalSection(SolutionProperties) = preSolution
		HideSolutionNode = FALSE
	EndGlobalSection
	GlobalSection(ExtensibilityGlobals) = postSolution
		SolutionGuid = {FB434249-EDA5-473B-AE85-FF403B4ABF8A}
	EndGlobalSection
EndGlobal
